Microsoft Visual Studio Solution File, Format Version 12.00
# Visual Studio Version 16
VisualStudioVersion = 16.0.29519.87
MinimumVisualStudioVersion = 10.0.40219.1
Project("{FAE04EC0-301F-11D3-BF4B-00C04F79EFBC}") = "frontend", "frontend.csproj", "{F60AC55B-8FE9-478A-9FA1-30D98DC38B1F}"
EndProject
Global
	GlobalSection(SolutionConfigurationPlatforms) = preSolution
		Debug|Any CPU = Debug|Any CPU
		Release|Any CPU = Release|Any CPU
	EndGlobalSection
	GlobalSection(ProjectConfigurationPlatforms) = postSolution
		{F60AC55B-8FE9-478A-9FA1-30D98DC38B1F}.Debug|Any CPU.ActiveCfg = Debug|Any CPU
		{F60AC55B-8FE9-478A-9FA1-30D98DC38B1F}.Debug|Any CPU.Build.0 = Debug|Any CPU
		{F60AC55B-8FE9-478A-9FA1-30D98DC38B1F}.Release|Any CPU.ActiveCfg = Release|Any CPU
		{F60AC55B-8FE9-478A-9FA1-30D98DC38B1F}.Release|Any CPU.Build.0 = Release|Any CPU
	EndGlobalSection
	GlobalSection(SolutionProperties) = preSolution
		HideSolutionNode = FALSE
	EndGlobalSection
	GlobalSection(ExtensibilityGlobals) = postSolution
		SolutionGuid = {CD1AAD7E-1742-4D37-A7AB-40D3889519BC}
	EndGlobalSection
EndGlobal
